
Microsoft Visual Studio Solution File, Format Version 12.00
# Visual Studio Version 17
VisualStudioVersion = 17.10.35122.118
MinimumVisualStudioVersion = 10.0.40219.1
Project("{FAE04EC0-301F-11D3-BF4B-00C04F79EFBC}") = "S01_OOPDemoApp", "S01_OOPDemoApp\S01_OOPDemoApp.csproj", "{891B7616-E996-404D-82C8-858BFC314473}"
EndProject
Global
	GlobalSection(SolutionConfigurationPlatforms) = preSolution
		Debug|Any CPU = Debug|Any CPU
		Release|Any CPU = Release|Any CPU
	EndGlobalSection
	GlobalSection(ProjectConfigurationPlatforms) = postSolution
		{891B7616-E996-404D-82C8-858BFC314473}.Debug|Any CPU.ActiveCfg = Debug|Any CPU
		{891B7616-E996-404D-82C8-858BFC314473}.Debug|Any CPU.Build.0 = Debug|Any CPU
		{891B7616-E996-404D-82C8-858BFC314473}.Release|Any CPU.ActiveCfg = Release|Any CPU
		{891B7616-E996-404D-82C8-858BFC314473}.Release|Any CPU.Build.0 = Release|Any CPU
	EndGlobalSection
	GlobalSection(SolutionProperties) = preSolution
		HideSolutionNode = FALSE
	EndGlobalSection
	GlobalSection(ExtensibilityGlobals) = postSolution
		SolutionGuid = {8C50AACF-AEC0-4E93-BC35-E6047F452103}
	EndGlobalSection
EndGlobal
